
Microsoft Visual Studio Solution File, Format Version 9.00
# Visual Studio 2005
Project("{8BC9CEB8-8B4A-11D0-8D11-00A0C91BC942}") = "CommonFileDialogSDKSample", "CommonFileDialogSDKSample.vcproj", "{01A50624-A4B7-47DC-84B2-9C1B06161716}"
EndProject
Global
	GlobalSection(SolutionConfigurationPlatforms) = preSolution
		Debug|Win32 = Debug|Win32
		Release|Win32 = Release|Win32
	EndGlobalSection
	GlobalSection(ProjectConfigurationPlatforms) = postSolution
		{01A50624-A4B7-47DC-84B2-9C1B06161716}.Debug|Win32.ActiveCfg = Debug|Win32
		{01A50624-A4B7-47DC-84B2-9C1B06161716}.Debug|Win32.Build.0 = Debug|Win32
		{01A50624-A4B7-47DC-84B2-9C1B06161716}.Release|Win32.ActiveCfg = Release|Win32
		{01A50624-A4B7-47DC-84B2-9C1B06161716}.Release|Win32.Build.0 = Release|Win32
	EndGlobalSection
	GlobalSection(SolutionProperties) = preSolution
		HideSolutionNode = FALSE
	EndGlobalSection
EndGlobal
