
Microsoft Visual Studio Solution File, Format Version 9.00
# Visual Studio 2005
Project("{8BC9CEB8-8B4A-11D0-8D11-00A0C91BC942}") = "RecipePropertyHandler", "RecipePropertyHandler.vcproj", "{8739B173-5F80-4FCA-A0AC-C7678138BF36}"
EndProject
Global
	GlobalSection(SolutionConfigurationPlatforms) = preSolution
		Debug|Win32 = Debug|Win32
		Release|Win32 = Release|Win32
	EndGlobalSection
	GlobalSection(ProjectConfigurationPlatforms) = postSolution
		{8739B173-5F80-4FCA-A0AC-C7678138BF36}.Debug|Win32.ActiveCfg = Debug|Win32
		{8739B173-5F80-4FCA-A0AC-C7678138BF36}.Debug|Win32.Build.0 = Debug|Win32
		{8739B173-5F80-4FCA-A0AC-C7678138BF36}.Release|Win32.ActiveCfg = Release|Win32
		{8739B173-5F80-4FCA-A0AC-C7678138BF36}.Release|Win32.Build.0 = Release|Win32
	EndGlobalSection
	GlobalSection(SolutionProperties) = preSolution
		HideSolutionNode = FALSE
	EndGlobalSection
EndGlobal
