
Microsoft Visual Studio Solution File, Format Version 9.00
# Visual C++ Express 2005
Project("{8BC9CEB8-8B4A-11D0-8D11-00A0C91BC942}") = "fdsample", "fdsample.vcproj", "{12DAE6AC-0884-4044-991C-3CE2116E327F}"
EndProject
Global
	GlobalSection(SolutionConfigurationPlatforms) = preSolution
		Debug|Win32 = Debug|Win32
		Release|Win32 = Release|Win32
	EndGlobalSection
	GlobalSection(ProjectConfigurationPlatforms) = postSolution
		{12DAE6AC-0884-4044-991C-3CE2116E327F}.Debug|Win32.ActiveCfg = Debug|Win32
		{12DAE6AC-0884-4044-991C-3CE2116E327F}.Debug|Win32.Build.0 = Debug|Win32
		{12DAE6AC-0884-4044-991C-3CE2116E327F}.Release|Win32.ActiveCfg = Release|Win32
		{12DAE6AC-0884-4044-991C-3CE2116E327F}.Release|Win32.Build.0 = Release|Win32
	EndGlobalSection
	GlobalSection(SolutionProperties) = preSolution
		HideSolutionNode = FALSE
	EndGlobalSection
EndGlobal
