Microsoft Visual Studio Solution File, Format Version 9.00
# Visual Studio 2005
Project("{8BC9CEB8-8B4A-11D0-8D11-00A0C91BC942}") = "FolderViewImpl", "FolderViewImpl.vcproj", "{50A4AEC2-9A0D-4F1C-8F38-EE7542BBE81A}"
EndProject
Global
	GlobalSection(SolutionConfigurationPlatforms) = preSolution
		Debug|Win32 = Debug|Win32
		Release|Win32 = Release|Win32
	EndGlobalSection
	GlobalSection(ProjectConfigurationPlatforms) = postSolution
		{50A4AEC2-9A0D-4F1C-8F38-EE7542BBE81A}.Debug|Win32.ActiveCfg = Release|Win32
		{50A4AEC2-9A0D-4F1C-8F38-EE7542BBE81A}.Debug|Win32.Build.0 = Release|Win32
		{50A4AEC2-9A0D-4F1C-8F38-EE7542BBE81A}.Release|Win32.ActiveCfg = Release|Win32
		{50A4AEC2-9A0D-4F1C-8F38-EE7542BBE81A}.Release|Win32.Build.0 = Release|Win32
	EndGlobalSection
	GlobalSection(SolutionProperties) = preSolution
		HideSolutionNode = FALSE
	EndGlobalSection
EndGlobal
