
Microsoft Visual Studio Solution File, Format Version 9.00
# Visual Studio 2005
Project("{8BC9CEB8-8B4A-11D0-8D11-00A0C91BC942}") = "BaseClasses", "BaseClasses\BaseClasses.vcproj", "{E8A3F6FA-AE1C-4C8E-A0B6-9C8480324EAA}"
EndProject
Project("{8BC9CEB8-8B4A-11D0-8D11-00A0C91BC942}") = "AmCap", "Capture\AMCap\AmCap.vcproj", "{51451992-AEAE-41D2-A599-F55F134FFEB9}"
	ProjectSection(ProjectDependencies) = postProject
		{E8A3F6FA-AE1C-4C8E-A0B6-9C8480324EAA} = {E8A3F6FA-AE1C-4C8E-A0B6-9C8480324EAA}
	EndProjectSection
EndProject
Project("{8BC9CEB8-8B4A-11D0-8D11-00A0C91BC942}") = "DVApp", "Capture\DVApp\DVApp.vcproj", "{4D7DD998-8A91-4C3B-AC83-1CDACA239234}"
	ProjectSection(ProjectDependencies) = postProject
		{E8A3F6FA-AE1C-4C8E-A0B6-9C8480324EAA} = {E8A3F6FA-AE1C-4C8E-A0B6-9C8480324EAA}
	EndProjectSection
EndProject
Project("{8BC9CEB8-8B4A-11D0-8D11-00A0C91BC942}") = "PlayCap", "Capture\PlayCap\PlayCap.vcproj", "{2E1E03D4-3A8A-4669-8B50-94D0EA8A2FAD}"
	ProjectSection(ProjectDependencies) = postProject
		{E8A3F6FA-AE1C-4C8E-A0B6-9C8480324EAA} = {E8A3F6FA-AE1C-4C8E-A0B6-9C8480324EAA}
	EndProjectSection
EndProject
Project("{8BC9CEB8-8B4A-11D0-8D11-00A0C91BC942}") = "DMODemo", "DMO\DMODemo\DMODemo.vcproj", "{72D56FA9-FE37-4F93-B4FE-3156586B0DCC}"
	ProjectSection(ProjectDependencies) = postProject
		{E8A3F6FA-AE1C-4C8E-A0B6-9C8480324EAA} = {E8A3F6FA-AE1C-4C8E-A0B6-9C8480324EAA}
	EndProjectSection
EndProject
Project("{8BC9CEB8-8B4A-11D0-8D11-00A0C91BC942}") = "DVDSample", "DVD\DVDSample\DVDSample.vcproj", "{F6515F20-391A-4024-83CD-72954E8E1267}"
	ProjectSection(ProjectDependencies) = postProject
		{E8A3F6FA-AE1C-4C8E-A0B6-9C8480324EAA} = {E8A3F6FA-AE1C-4C8E-A0B6-9C8480324EAA}
	EndProjectSection
EndProject
Project("{8BC9CEB8-8B4A-11D0-8D11-00A0C91BC942}") = "Async", "Filters\Async\Async.vcproj", "{76FC45D6-69EF-41D6-91A4-BD3DAFAC67EB}"
	ProjectSection(ProjectDependencies) = postProject
		{E8A3F6FA-AE1C-4C8E-A0B6-9C8480324EAA} = {E8A3F6FA-AE1C-4C8E-A0B6-9C8480324EAA}
	EndProjectSection
EndProject
Project("{8BC9CEB8-8B4A-11D0-8D11-00A0C91BC942}") = "Ball", "Filters\Ball\Ball.vcproj", "{9D3C9114-5067-45E6-B83D-12D31EF86297}"
	ProjectSection(ProjectDependencies) = postProject
		{E8A3F6FA-AE1C-4C8E-A0B6-9C8480324EAA} = {E8A3F6FA-AE1C-4C8E-A0B6-9C8480324EAA}
	EndProjectSection
EndProject
Project("{8BC9CEB8-8B4A-11D0-8D11-00A0C91BC942}") = "Dump", "Filters\Dump\Dump.vcproj", "{A44243DA-9677-49A3-AC13-689EAA8A4E9D}"
	ProjectSection(ProjectDependencies) = postProject
		{E8A3F6FA-AE1C-4C8E-A0B6-9C8480324EAA} = {E8A3F6FA-AE1C-4C8E-A0B6-9C8480324EAA}
	EndProjectSection
EndProject
Project("{8BC9CEB8-8B4A-11D0-8D11-00A0C91BC942}") = "EZRGB24", "Filters\EZRGB24\EZRGB24.vcproj", "{B7AA743B-5C1F-45EB-9BA1-D0397A0B5341}"
	ProjectSection(ProjectDependencies) = postProject
		{E8A3F6FA-AE1C-4C8E-A0B6-9C8480324EAA} = {E8A3F6FA-AE1C-4C8E-A0B6-9C8480324EAA}
	EndProjectSection
EndProject
Project("{8BC9CEB8-8B4A-11D0-8D11-00A0C91BC942}") = "Gargle", "Filters\Gargle\Gargle.vcproj", "{F0DB1F08-1739-4634-9031-FFB9801EB661}"
	ProjectSection(ProjectDependencies) = postProject
		{E8A3F6FA-AE1C-4C8E-A0B6-9C8480324EAA} = {E8A3F6FA-AE1C-4C8E-A0B6-9C8480324EAA}
	EndProjectSection
EndProject
Project("{8BC9CEB8-8B4A-11D0-8D11-00A0C91BC942}") = "InfTee", "Filters\InfTee\InfTee.vcproj", "{F54FAC0A-D62C-4C4A-9403-1AC40B59C277}"
	ProjectSection(ProjectDependencies) = postProject
		{E8A3F6FA-AE1C-4C8E-A0B6-9C8480324EAA} = {E8A3F6FA-AE1C-4C8E-A0B6-9C8480324EAA}
	EndProjectSection
EndProject
Project("{8BC9CEB8-8B4A-11D0-8D11-00A0C91BC942}") = "Metronome", "Filters\Metronome\Metronome.vcproj", "{0B63409D-674D-47F8-A84E-87DBB7783189}"
	ProjectSection(ProjectDependencies) = postProject
		{E8A3F6FA-AE1C-4C8E-A0B6-9C8480324EAA} = {E8A3F6FA-AE1C-4C8E-A0B6-9C8480324EAA}
	EndProjectSection
EndProject
Project("{8BC9CEB8-8B4A-11D0-8D11-00A0C91BC942}") = "PSIParser", "Filters\PSIParser\PSIParser.vcproj", "{371B4C22-1685-4D5F-A152-3E130E7DD941}"
	ProjectSection(ProjectDependencies) = postProject
		{E8A3F6FA-AE1C-4C8E-A0B6-9C8480324EAA} = {E8A3F6FA-AE1C-4C8E-A0B6-9C8480324EAA}
	EndProjectSection
EndProject
Project("{8BC9CEB8-8B4A-11D0-8D11-00A0C91BC942}") = "PushSource", "Filters\PushSource\PushSource.vcproj", "{39469123-3EB7-45F3-A15B-3854DFD2C2EB}"
	ProjectSection(ProjectDependencies) = postProject
		{E8A3F6FA-AE1C-4C8E-A0B6-9C8480324EAA} = {E8A3F6FA-AE1C-4C8E-A0B6-9C8480324EAA}
	EndProjectSection
EndProject
Project("{8BC9CEB8-8B4A-11D0-8D11-00A0C91BC942}") = "SampVid", "Filters\SampVid\SampVid.vcproj", "{D0F612DB-8329-4BA3-92A0-7FDAE8D7E96A}"
	ProjectSection(ProjectDependencies) = postProject
		{E8A3F6FA-AE1C-4C8E-A0B6-9C8480324EAA} = {E8A3F6FA-AE1C-4C8E-A0B6-9C8480324EAA}
	EndProjectSection
EndProject
Project("{8BC9CEB8-8B4A-11D0-8D11-00A0C91BC942}") = "Scope", "Filters\Scope\Scope.vcproj", "{A83995D4-3F0E-43FD-A18D-0E4AD2ED07D5}"
	ProjectSection(ProjectDependencies) = postProject
		{E8A3F6FA-AE1C-4C8E-A0B6-9C8480324EAA} = {E8A3F6FA-AE1C-4C8E-A0B6-9C8480324EAA}
	EndProjectSection
EndProject
Project("{8BC9CEB8-8B4A-11D0-8D11-00A0C91BC942}") = "Synth", "Filters\Synth\Synth.vcproj", "{BF20BC76-A330-4857-830B-80C85660478B}"
	ProjectSection(ProjectDependencies) = postProject
		{E8A3F6FA-AE1C-4C8E-A0B6-9C8480324EAA} = {E8A3F6FA-AE1C-4C8E-A0B6-9C8480324EAA}
	EndProjectSection
EndProject
Project("{8BC9CEB8-8B4A-11D0-8D11-00A0C91BC942}") = "WavDest", "Filters\WavDest\WavDest.vcproj", "{9741C328-0EDA-4C80-B8C5-1A7E9430ADFE}"
	ProjectSection(ProjectDependencies) = postProject
		{E8A3F6FA-AE1C-4C8E-A0B6-9C8480324EAA} = {E8A3F6FA-AE1C-4C8E-A0B6-9C8480324EAA}
	EndProjectSection
EndProject
Project("{8BC9CEB8-8B4A-11D0-8D11-00A0C91BC942}") = "DMOEnum", "Misc\DMOEnum\DMOEnum.vcproj", "{E809CC3F-DD63-45C1-9733-023E08BD476D}"
	ProjectSection(ProjectDependencies) = postProject
		{E8A3F6FA-AE1C-4C8E-A0B6-9C8480324EAA} = {E8A3F6FA-AE1C-4C8E-A0B6-9C8480324EAA}
	EndProjectSection
EndProject
Project("{8BC9CEB8-8B4A-11D0-8D11-00A0C91BC942}") = "Mapper", "Misc\Mapper\Mapper.vcproj", "{D3871357-6385-43AD-896B-B8B03E8D22F3}"
	ProjectSection(ProjectDependencies) = postProject
		{E8A3F6FA-AE1C-4C8E-A0B6-9C8480324EAA} = {E8A3F6FA-AE1C-4C8E-A0B6-9C8480324EAA}
	EndProjectSection
EndProject
Project("{8BC9CEB8-8B4A-11D0-8D11-00A0C91BC942}") = "SysEnum", "Misc\SysEnum\SysEnum.vcproj", "{0B442DD1-32AF-4FFB-B7F5-0677F442395C}"
	ProjectSection(ProjectDependencies) = postProject
		{E8A3F6FA-AE1C-4C8E-A0B6-9C8480324EAA} = {E8A3F6FA-AE1C-4C8E-A0B6-9C8480324EAA}
	EndProjectSection
EndProject
Project("{8BC9CEB8-8B4A-11D0-8D11-00A0C91BC942}") = "Cutscene", "Players\Cutscene\Cutscene.vcproj", "{589926C4-AB4C-49A9-849B-445122AD3355}"
	ProjectSection(ProjectDependencies) = postProject
		{E8A3F6FA-AE1C-4C8E-A0B6-9C8480324EAA} = {E8A3F6FA-AE1C-4C8E-A0B6-9C8480324EAA}
	EndProjectSection
EndProject
Project("{8BC9CEB8-8B4A-11D0-8D11-00A0C91BC942}") = "DDrawXCL", "Players\DDrawXCL\DDrawXCL.vcproj", "{83E14712-6484-4880-A3DC-E510FE498AC6}"
	ProjectSection(ProjectDependencies) = postProject
		{E8A3F6FA-AE1C-4C8E-A0B6-9C8480324EAA} = {E8A3F6FA-AE1C-4C8E-A0B6-9C8480324EAA}
	EndProjectSection
EndProject
Project("{8BC9CEB8-8B4A-11D0-8D11-00A0C91BC942}") = "Texture3D9", "Players\Texture3D9\Texture3D9.vcproj", "{5BF58415-87A4-48B4-B0EE-5B671A2BF15C}"
	ProjectSection(ProjectDependencies) = postProject
		{E8A3F6FA-AE1C-4C8E-A0B6-9C8480324EAA} = {E8A3F6FA-AE1C-4C8E-A0B6-9C8480324EAA}
	EndProjectSection
EndProject
Project("{8BC9CEB8-8B4A-11D0-8D11-00A0C91BC942}") = "MonitorInfo", "VMR9\MonitorInfo\MonitorInfo.vcproj", "{D3982D17-4320-4BB5-A00E-E62E0F380D87}"
	ProjectSection(ProjectDependencies) = postProject
		{E8A3F6FA-AE1C-4C8E-A0B6-9C8480324EAA} = {E8A3F6FA-AE1C-4C8E-A0B6-9C8480324EAA}
	EndProjectSection
EndProject
Project("{8BC9CEB8-8B4A-11D0-8D11-00A0C91BC942}") = "Ticker", "VMR9\Ticker\Ticker.vcproj", "{6C609457-754A-4DB2-9504-3F529FD4B4C8}"
	ProjectSection(ProjectDependencies) = postProject
		{E8A3F6FA-AE1C-4C8E-A0B6-9C8480324EAA} = {E8A3F6FA-AE1C-4C8E-A0B6-9C8480324EAA}
	EndProjectSection
EndProject
Project("{8BC9CEB8-8B4A-11D0-8D11-00A0C91BC942}") = "VMR9Allocator", "VMR9\VMR9Allocator\VMR9Allocator.vcproj", "{3296C764-BD32-4966-B6A7-6E179142C9EE}"
	ProjectSection(ProjectDependencies) = postProject
		{E8A3F6FA-AE1C-4C8E-A0B6-9C8480324EAA} = {E8A3F6FA-AE1C-4C8E-A0B6-9C8480324EAA}
	EndProjectSection
EndProject
Project("{8BC9CEB8-8B4A-11D0-8D11-00A0C91BC942}") = "VMR9Compositor", "VMR9\VMR9Compositor\VMR9Compositor.vcproj", "{1174C39B-F4A6-4EA5-A496-C0332F05E409}"
	ProjectSection(ProjectDependencies) = postProject
		{E8A3F6FA-AE1C-4C8E-A0B6-9C8480324EAA} = {E8A3F6FA-AE1C-4C8E-A0B6-9C8480324EAA}
	EndProjectSection
EndProject
Project("{8BC9CEB8-8B4A-11D0-8D11-00A0C91BC942}") = "VMRPlayer", "VMR9\VMRPlayer\VMRPlayer.vcproj", "{4D6F3C0B-2C27-46DA-B4AE-49F7587EDD71}"
	ProjectSection(ProjectDependencies) = postProject
		{E8A3F6FA-AE1C-4C8E-A0B6-9C8480324EAA} = {E8A3F6FA-AE1C-4C8E-A0B6-9C8480324EAA}
	EndProjectSection
EndProject
Project("{8BC9CEB8-8B4A-11D0-8D11-00A0C91BC942}") = "Watermark", "VMR9\Watermark\Watermark.vcproj", "{9D1C9C30-49A0-4FF9-8A95-87B586174D32}"
	ProjectSection(ProjectDependencies) = postProject
		{E8A3F6FA-AE1C-4C8E-A0B6-9C8480324EAA} = {E8A3F6FA-AE1C-4C8E-A0B6-9C8480324EAA}
	EndProjectSection
EndProject
Project("{8BC9CEB8-8B4A-11D0-8D11-00A0C91BC942}") = "Windowless", "VMR9\Windowless\Windowless.vcproj", "{4F985AB7-257C-4B1E-87EA-6D7D8B480B5E}"
	ProjectSection(ProjectDependencies) = postProject
		{E8A3F6FA-AE1C-4C8E-A0B6-9C8480324EAA} = {E8A3F6FA-AE1C-4C8E-A0B6-9C8480324EAA}
	EndProjectSection
EndProject
Project("{8BC9CEB8-8B4A-11D0-8D11-00A0C91BC942}") = "DShowPlayer", "Players\DShowPlayer\DShowPlayer.vcproj", "{9D7A67A0-5BC7-4CE8-A338-0A10268C00CF}"
EndProject
Global
	GlobalSection(SolutionConfigurationPlatforms) = preSolution
		Debug|Win32 = Debug|Win32
		Release|Win32 = Release|Win32
	EndGlobalSection
	GlobalSection(ProjectConfigurationPlatforms) = postSolution
		{E8A3F6FA-AE1C-4C8E-A0B6-9C8480324EAA}.Debug|Win32.ActiveCfg = Debug|Win32
		{E8A3F6FA-AE1C-4C8E-A0B6-9C8480324EAA}.Debug|Win32.Build.0 = Debug|Win32
		{E8A3F6FA-AE1C-4C8E-A0B6-9C8480324EAA}.Release|Win32.ActiveCfg = Release|Win32
		{E8A3F6FA-AE1C-4C8E-A0B6-9C8480324EAA}.Release|Win32.Build.0 = Release|Win32
		{51451992-AEAE-41D2-A599-F55F134FFEB9}.Debug|Win32.ActiveCfg = Debug|Win32
		{51451992-AEAE-41D2-A599-F55F134FFEB9}.Debug|Win32.Build.0 = Debug|Win32
		{51451992-AEAE-41D2-A599-F55F134FFEB9}.Release|Win32.ActiveCfg = Release|Win32
		{51451992-AEAE-41D2-A599-F55F134FFEB9}.Release|Win32.Build.0 = Release|Win32
		{4D7DD998-8A91-4C3B-AC83-1CDACA239234}.Debug|Win32.ActiveCfg = Debug|Win32
		{4D7DD998-8A91-4C3B-AC83-1CDACA239234}.Debug|Win32.Build.0 = Debug|Win32
		{4D7DD998-8A91-4C3B-AC83-1CDACA239234}.Release|Win32.ActiveCfg = Release|Win32
		{4D7DD998-8A91-4C3B-AC83-1CDACA239234}.Release|Win32.Build.0 = Release|Win32
		{2E1E03D4-3A8A-4669-8B50-94D0EA8A2FAD}.Debug|Win32.ActiveCfg = Debug|Win32
		{2E1E03D4-3A8A-4669-8B50-94D0EA8A2FAD}.Debug|Win32.Build.0 = Debug|Win32
		{2E1E03D4-3A8A-4669-8B50-94D0EA8A2FAD}.Release|Win32.ActiveCfg = Release|Win32
		{2E1E03D4-3A8A-4669-8B50-94D0EA8A2FAD}.Release|Win32.Build.0 = Release|Win32
		{72D56FA9-FE37-4F93-B4FE-3156586B0DCC}.Debug|Win32.ActiveCfg = Debug|Win32
		{72D56FA9-FE37-4F93-B4FE-3156586B0DCC}.Debug|Win32.Build.0 = Debug|Win32
		{72D56FA9-FE37-4F93-B4FE-3156586B0DCC}.Release|Win32.ActiveCfg = Release|Win32
		{72D56FA9-FE37-4F93-B4FE-3156586B0DCC}.Release|Win32.Build.0 = Release|Win32
		{F6515F20-391A-4024-83CD-72954E8E1267}.Debug|Win32.ActiveCfg = Debug|Win32
		{F6515F20-391A-4024-83CD-72954E8E1267}.Debug|Win32.Build.0 = Debug|Win32
		{F6515F20-391A-4024-83CD-72954E8E1267}.Release|Win32.ActiveCfg = Release|Win32
		{F6515F20-391A-4024-83CD-72954E8E1267}.Release|Win32.Build.0 = Release|Win32
		{76FC45D6-69EF-41D6-91A4-BD3DAFAC67EB}.Debug|Win32.ActiveCfg = Debug|Win32
		{76FC45D6-69EF-41D6-91A4-BD3DAFAC67EB}.Debug|Win32.Build.0 = Debug|Win32
		{76FC45D6-69EF-41D6-91A4-BD3DAFAC67EB}.Release|Win32.ActiveCfg = Release|Win32
		{76FC45D6-69EF-41D6-91A4-BD3DAFAC67EB}.Release|Win32.Build.0 = Release|Win32
		{9D3C9114-5067-45E6-B83D-12D31EF86297}.Debug|Win32.ActiveCfg = Debug|Win32
		{9D3C9114-5067-45E6-B83D-12D31EF86297}.Debug|Win32.Build.0 = Debug|Win32
		{9D3C9114-5067-45E6-B83D-12D31EF86297}.Release|Win32.ActiveCfg = Release|Win32
		{9D3C9114-5067-45E6-B83D-12D31EF86297}.Release|Win32.Build.0 = Release|Win32
		{A44243DA-9677-49A3-AC13-689EAA8A4E9D}.Debug|Win32.ActiveCfg = Debug|Win32
		{A44243DA-9677-49A3-AC13-689EAA8A4E9D}.Debug|Win32.Build.0 = Debug|Win32
		{A44243DA-9677-49A3-AC13-689EAA8A4E9D}.Release|Win32.ActiveCfg = Release|Win32
		{A44243DA-9677-49A3-AC13-689EAA8A4E9D}.Release|Win32.Build.0 = Release|Win32
		{B7AA743B-5C1F-45EB-9BA1-D0397A0B5341}.Debug|Win32.ActiveCfg = Debug|Win32
		{B7AA743B-5C1F-45EB-9BA1-D0397A0B5341}.Debug|Win32.Build.0 = Debug|Win32
		{B7AA743B-5C1F-45EB-9BA1-D0397A0B5341}.Release|Win32.ActiveCfg = Release|Win32
		{B7AA743B-5C1F-45EB-9BA1-D0397A0B5341}.Release|Win32.Build.0 = Release|Win32
		{F0DB1F08-1739-4634-9031-FFB9801EB661}.Debug|Win32.ActiveCfg = Debug|Win32
		{F0DB1F08-1739-4634-9031-FFB9801EB661}.Debug|Win32.Build.0 = Debug|Win32
		{F0DB1F08-1739-4634-9031-FFB9801EB661}.Release|Win32.ActiveCfg = Release|Win32
		{F0DB1F08-1739-4634-9031-FFB9801EB661}.Release|Win32.Build.0 = Release|Win32
		{F54FAC0A-D62C-4C4A-9403-1AC40B59C277}.Debug|Win32.ActiveCfg = Debug|Win32
		{F54FAC0A-D62C-4C4A-9403-1AC40B59C277}.Debug|Win32.Build.0 = Debug|Win32
		{F54FAC0A-D62C-4C4A-9403-1AC40B59C277}.Release|Win32.ActiveCfg = Release|Win32
		{F54FAC0A-D62C-4C4A-9403-1AC40B59C277}.Release|Win32.Build.0 = Release|Win32
		{0B63409D-674D-47F8-A84E-87DBB7783189}.Debug|Win32.ActiveCfg = Debug|Win32
		{0B63409D-674D-47F8-A84E-87DBB7783189}.Debug|Win32.Build.0 = Debug|Win32
		{0B63409D-674D-47F8-A84E-87DBB7783189}.Release|Win32.ActiveCfg = Release|Win32
		{0B63409D-674D-47F8-A84E-87DBB7783189}.Release|Win32.Build.0 = Release|Win32
		{371B4C22-1685-4D5F-A152-3E130E7DD941}.Debug|Win32.ActiveCfg = Debug|Win32
		{371B4C22-1685-4D5F-A152-3E130E7DD941}.Debug|Win32.Build.0 = Debug|Win32
		{371B4C22-1685-4D5F-A152-3E130E7DD941}.Release|Win32.ActiveCfg = Release|Win32
		{371B4C22-1685-4D5F-A152-3E130E7DD941}.Release|Win32.Build.0 = Release|Win32
		{39469123-3EB7-45F3-A15B-3854DFD2C2EB}.Debug|Win32.ActiveCfg = Debug|Win32
		{39469123-3EB7-45F3-A15B-3854DFD2C2EB}.Debug|Win32.Build.0 = Debug|Win32
		{39469123-3EB7-45F3-A15B-3854DFD2C2EB}.Release|Win32.ActiveCfg = Release|Win32
		{39469123-3EB7-45F3-A15B-3854DFD2C2EB}.Release|Win32.Build.0 = Release|Win32
		{D0F612DB-8329-4BA3-92A0-7FDAE8D7E96A}.Debug|Win32.ActiveCfg = Debug|Win32
		{D0F612DB-8329-4BA3-92A0-7FDAE8D7E96A}.Debug|Win32.Build.0 = Debug|Win32
		{D0F612DB-8329-4BA3-92A0-7FDAE8D7E96A}.Release|Win32.ActiveCfg = Release|Win32
		{D0F612DB-8329-4BA3-92A0-7FDAE8D7E96A}.Release|Win32.Build.0 = Release|Win32
		{A83995D4-3F0E-43FD-A18D-0E4AD2ED07D5}.Debug|Win32.ActiveCfg = Debug|Win32
		{A83995D4-3F0E-43FD-A18D-0E4AD2ED07D5}.Debug|Win32.Build.0 = Debug|Win32
		{A83995D4-3F0E-43FD-A18D-0E4AD2ED07D5}.Release|Win32.ActiveCfg = Release|Win32
		{A83995D4-3F0E-43FD-A18D-0E4AD2ED07D5}.Release|Win32.Build.0 = Release|Win32
		{BF20BC76-A330-4857-830B-80C85660478B}.Debug|Win32.ActiveCfg = Debug|Win32
		{BF20BC76-A330-4857-830B-80C85660478B}.Debug|Win32.Build.0 = Debug|Win32
		{BF20BC76-A330-4857-830B-80C85660478B}.Release|Win32.ActiveCfg = Release|Win32
		{BF20BC76-A330-4857-830B-80C85660478B}.Release|Win32.Build.0 = Release|Win32
		{9741C328-0EDA-4C80-B8C5-1A7E9430ADFE}.Debug|Win32.ActiveCfg = Debug|Win32
		{9741C328-0EDA-4C80-B8C5-1A7E9430ADFE}.Debug|Win32.Build.0 = Debug|Win32
		{9741C328-0EDA-4C80-B8C5-1A7E9430ADFE}.Release|Win32.ActiveCfg = Release|Win32
		{9741C328-0EDA-4C80-B8C5-1A7E9430ADFE}.Release|Win32.Build.0 = Release|Win32
		{E809CC3F-DD63-45C1-9733-023E08BD476D}.Debug|Win32.ActiveCfg = Debug|Win32
		{E809CC3F-DD63-45C1-9733-023E08BD476D}.Debug|Win32.Build.0 = Debug|Win32
		{E809CC3F-DD63-45C1-9733-023E08BD476D}.Release|Win32.ActiveCfg = Release|Win32
		{E809CC3F-DD63-45C1-9733-023E08BD476D}.Release|Win32.Build.0 = Release|Win32
		{D3871357-6385-43AD-896B-B8B03E8D22F3}.Debug|Win32.ActiveCfg = Debug|Win32
		{D3871357-6385-43AD-896B-B8B03E8D22F3}.Debug|Win32.Build.0 = Debug|Win32
		{D3871357-6385-43AD-896B-B8B03E8D22F3}.Release|Win32.ActiveCfg = Release|Win32
		{D3871357-6385-43AD-896B-B8B03E8D22F3}.Release|Win32.Build.0 = Release|Win32
		{0B442DD1-32AF-4FFB-B7F5-0677F442395C}.Debug|Win32.ActiveCfg = Debug|Win32
		{0B442DD1-32AF-4FFB-B7F5-0677F442395C}.Debug|Win32.Build.0 = Debug|Win32
		{0B442DD1-32AF-4FFB-B7F5-0677F442395C}.Release|Win32.ActiveCfg = Release|Win32
		{0B442DD1-32AF-4FFB-B7F5-0677F442395C}.Release|Win32.Build.0 = Release|Win32
		{589926C4-AB4C-49A9-849B-445122AD3355}.Debug|Win32.ActiveCfg = Debug|Win32
		{589926C4-AB4C-49A9-849B-445122AD3355}.Debug|Win32.Build.0 = Debug|Win32
		{589926C4-AB4C-49A9-849B-445122AD3355}.Release|Win32.ActiveCfg = Release|Win32
		{589926C4-AB4C-49A9-849B-445122AD3355}.Release|Win32.Build.0 = Release|Win32
		{83E14712-6484-4880-A3DC-E510FE498AC6}.Debug|Win32.ActiveCfg = Debug|Win32
		{83E14712-6484-4880-A3DC-E510FE498AC6}.Debug|Win32.Build.0 = Debug|Win32
		{83E14712-6484-4880-A3DC-E510FE498AC6}.Release|Win32.ActiveCfg = Release|Win32
		{83E14712-6484-4880-A3DC-E510FE498AC6}.Release|Win32.Build.0 = Release|Win32
		{5BF58415-87A4-48B4-B0EE-5B671A2BF15C}.Debug|Win32.ActiveCfg = Debug|Win32
		{5BF58415-87A4-48B4-B0EE-5B671A2BF15C}.Debug|Win32.Build.0 = Debug|Win32
		{5BF58415-87A4-48B4-B0EE-5B671A2BF15C}.Release|Win32.ActiveCfg = Release|Win32
		{5BF58415-87A4-48B4-B0EE-5B671A2BF15C}.Release|Win32.Build.0 = Release|Win32
		{D3982D17-4320-4BB5-A00E-E62E0F380D87}.Debug|Win32.ActiveCfg = Debug|Win32
		{D3982D17-4320-4BB5-A00E-E62E0F380D87}.Debug|Win32.Build.0 = Debug|Win32
		{D3982D17-4320-4BB5-A00E-E62E0F380D87}.Release|Win32.ActiveCfg = Release|Win32
		{D3982D17-4320-4BB5-A00E-E62E0F380D87}.Release|Win32.Build.0 = Release|Win32
		{6C609457-754A-4DB2-9504-3F529FD4B4C8}.Debug|Win32.ActiveCfg = Debug|Win32
		{6C609457-754A-4DB2-9504-3F529FD4B4C8}.Debug|Win32.Build.0 = Debug|Win32
		{6C609457-754A-4DB2-9504-3F529FD4B4C8}.Release|Win32.ActiveCfg = Release|Win32
		{6C609457-754A-4DB2-9504-3F529FD4B4C8}.Release|Win32.Build.0 = Release|Win32
		{3296C764-BD32-4966-B6A7-6E179142C9EE}.Debug|Win32.ActiveCfg = Debug|Win32
		{3296C764-BD32-4966-B6A7-6E179142C9EE}.Debug|Win32.Build.0 = Debug|Win32
		{3296C764-BD32-4966-B6A7-6E179142C9EE}.Release|Win32.ActiveCfg = Release|Win32
		{3296C764-BD32-4966-B6A7-6E179142C9EE}.Release|Win32.Build.0 = Release|Win32
		{1174C39B-F4A6-4EA5-A496-C0332F05E409}.Debug|Win32.ActiveCfg = Debug|Win32
		{1174C39B-F4A6-4EA5-A496-C0332F05E409}.Debug|Win32.Build.0 = Debug|Win32
		{1174C39B-F4A6-4EA5-A496-C0332F05E409}.Release|Win32.ActiveCfg = Release|Win32
		{1174C39B-F4A6-4EA5-A496-C0332F05E409}.Release|Win32.Build.0 = Release|Win32
		{4D6F3C0B-2C27-46DA-B4AE-49F7587EDD71}.Debug|Win32.ActiveCfg = Debug|Win32
		{4D6F3C0B-2C27-46DA-B4AE-49F7587EDD71}.Debug|Win32.Build.0 = Debug|Win32
		{4D6F3C0B-2C27-46DA-B4AE-49F7587EDD71}.Release|Win32.ActiveCfg = Release|Win32
		{4D6F3C0B-2C27-46DA-B4AE-49F7587EDD71}.Release|Win32.Build.0 = Release|Win32
		{9D1C9C30-49A0-4FF9-8A95-87B586174D32}.Debug|Win32.ActiveCfg = Debug|Win32
		{9D1C9C30-49A0-4FF9-8A95-87B586174D32}.Debug|Win32.Build.0 = Debug|Win32
		{9D1C9C30-49A0-4FF9-8A95-87B586174D32}.Release|Win32.ActiveCfg = Release|Win32
		{9D1C9C30-49A0-4FF9-8A95-87B586174D32}.Release|Win32.Build.0 = Release|Win32
		{4F985AB7-257C-4B1E-87EA-6D7D8B480B5E}.Debug|Win32.ActiveCfg = Debug|Win32
		{4F985AB7-257C-4B1E-87EA-6D7D8B480B5E}.Debug|Win32.Build.0 = Debug|Win32
		{4F985AB7-257C-4B1E-87EA-6D7D8B480B5E}.Release|Win32.ActiveCfg = Release|Win32
		{4F985AB7-257C-4B1E-87EA-6D7D8B480B5E}.Release|Win32.Build.0 = Release|Win32
		{9D7A67A0-5BC7-4CE8-A338-0A10268C00CF}.Debug|Win32.ActiveCfg = Debug|Win32
		{9D7A67A0-5BC7-4CE8-A338-0A10268C00CF}.Debug|Win32.Build.0 = Debug|Win32
		{9D7A67A0-5BC7-4CE8-A338-0A10268C00CF}.Release|Win32.ActiveCfg = Release|Win32
		{9D7A67A0-5BC7-4CE8-A338-0A10268C00CF}.Release|Win32.Build.0 = Release|Win32
	EndGlobalSection
	GlobalSection(SolutionProperties) = preSolution
		HideSolutionNode = FALSE
	EndGlobalSection
EndGlobal
