
Microsoft Visual Studio Solution File, Format Version 12.00
# Visual Studio Version 16
VisualStudioVersion = 16.0.31402.337
MinimumVisualStudioVersion = 10.0.40219.1
Project("{8BC9CEB8-8B4A-11D0-8D11-00A0C91BC942}") = "WinAudio", "WinAudio.vcxproj", "{9EC9ADF6-5822-4545-9228-02CBBBE8B617}"
EndProject
Project("{8BC9CEB8-8B4A-11D0-8D11-00A0C91BC942}") = "WasapiCapture", "WASAPI_audio_capture\WasapiCapture.vcxproj", "{CD9AB404-9765-487C-8718-AC7F710D0663}"
EndProject
Global
	GlobalSection(SolutionConfigurationPlatforms) = preSolution
		Debug|Win32 = Debug|Win32
		Debug|x64 = Debug|x64
		Release|Win32 = Release|Win32
		Release|x64 = Release|x64
	EndGlobalSection
	GlobalSection(ProjectConfigurationPlatforms) = postSolution
		{9EC9ADF6-5822-4545-9228-02CBBBE8B617}.Debug|Win32.ActiveCfg = Debug|Win32
		{9EC9ADF6-5822-4545-9228-02CBBBE8B617}.Debug|Win32.Build.0 = Debug|Win32
		{9EC9ADF6-5822-4545-9228-02CBBBE8B617}.Debug|x64.ActiveCfg = Debug|Win32
		{9EC9ADF6-5822-4545-9228-02CBBBE8B617}.Release|Win32.ActiveCfg = Release|Win32
		{9EC9ADF6-5822-4545-9228-02CBBBE8B617}.Release|Win32.Build.0 = Release|Win32
		{9EC9ADF6-5822-4545-9228-02CBBBE8B617}.Release|x64.ActiveCfg = Release|Win32
		{CD9AB404-9765-487C-8718-AC7F710D0663}.Debug|Win32.ActiveCfg = Debug|Win32
		{CD9AB404-9765-487C-8718-AC7F710D0663}.Debug|Win32.Build.0 = Debug|Win32
		{CD9AB404-9765-487C-8718-AC7F710D0663}.Debug|x64.ActiveCfg = Debug|x64
		{CD9AB404-9765-487C-8718-AC7F710D0663}.Debug|x64.Build.0 = Debug|x64
		{CD9AB404-9765-487C-8718-AC7F710D0663}.Release|Win32.ActiveCfg = Release|Win32
		{CD9AB404-9765-487C-8718-AC7F710D0663}.Release|Win32.Build.0 = Release|Win32
		{CD9AB404-9765-487C-8718-AC7F710D0663}.Release|x64.ActiveCfg = Release|x64
		{CD9AB404-9765-487C-8718-AC7F710D0663}.Release|x64.Build.0 = Release|x64
	EndGlobalSection
	GlobalSection(SolutionProperties) = preSolution
		HideSolutionNode = FALSE
	EndGlobalSection
	GlobalSection(ExtensibilityGlobals) = postSolution
		SolutionGuid = {D48FDBBD-21F5-47FE-8ABB-CB671D16A35A}
	EndGlobalSection
EndGlobal
