
Microsoft Visual Studio Solution File, Format Version 9.00
# Visual Studio 2005
Project("{8BC9CEB8-8B4A-11D0-8D11-00A0C91BC942}") = "Pictures", "Pictures.vcproj", "{2E98C450-7741-43EC-A4ED-A08A2C661FF7}"
EndProject
Global
	GlobalSection(SolutionConfigurationPlatforms) = preSolution
		Debug|Win32 = Debug|Win32
		Release|Win32 = Release|Win32
	EndGlobalSection
	GlobalSection(ProjectConfigurationPlatforms) = postSolution
		{2E98C450-7741-43EC-A4ED-A08A2C661FF7}.Debug|Win32.ActiveCfg = Debug|Win32
		{2E98C450-7741-43EC-A4ED-A08A2C661FF7}.Debug|Win32.Build.0 = Debug|Win32
		{2E98C450-7741-43EC-A4ED-A08A2C661FF7}.Release|Win32.ActiveCfg = Release|Win32
		{2E98C450-7741-43EC-A4ED-A08A2C661FF7}.Release|Win32.Build.0 = Release|Win32
		{C820656E-E5FB-427D-BB87-147BA8E97FF3}.Debug|Win32.ActiveCfg = Debug|Win32
		{C820656E-E5FB-427D-BB87-147BA8E97FF3}.Debug|Win32.Build.0 = Debug|Win32
		{C820656E-E5FB-427D-BB87-147BA8E97FF3}.Release|Win32.ActiveCfg = Release|Win32
		{C820656E-E5FB-427D-BB87-147BA8E97FF3}.Release|Win32.Build.0 = Release|Win32
	EndGlobalSection
	GlobalSection(SolutionProperties) = preSolution
		HideSolutionNode = FALSE
	EndGlobalSection
EndGlobal
