
Microsoft Visual Studio Solution File, Format Version 9.00
# Visual Studio 2005
Project("{8BC9CEB8-8B4A-11D0-8D11-00A0C91BC942}") = "DragDropSample", "DragDropSample.vcproj", "{A76C3ACC-FE12-4A96-B41C-C764F3858F9B}"
EndProject
Global
	GlobalSection(SolutionConfigurationPlatforms) = preSolution
		Debug|Win32 = Debug|Win32
		Release|Win32 = Release|Win32
	EndGlobalSection
	GlobalSection(ProjectConfigurationPlatforms) = postSolution
		{A76C3ACC-FE12-4A96-B41C-C764F3858F9B}.Debug|Win32.ActiveCfg = Debug|Win32
		{A76C3ACC-FE12-4A96-B41C-C764F3858F9B}.Debug|Win32.Build.0 = Debug|Win32
		{A76C3ACC-FE12-4A96-B41C-C764F3858F9B}.Release|Win32.ActiveCfg = Release|Win32
		{A76C3ACC-FE12-4A96-B41C-C764F3858F9B}.Release|Win32.Build.0 = Release|Win32
	EndGlobalSection
	GlobalSection(SolutionProperties) = preSolution
		HideSolutionNode = FALSE
	EndGlobalSection
EndGlobal
